
Microsoft Visual Studio Solution File, Format Version 12.00
# Visual Studio Version 17
VisualStudioVersion = 17.2.32616.157
MinimumVisualStudioVersion = 10.0.40219.1
Project("{9A19103F-16F7-4668-BE54-9A1E7A4F7556}") = "AdventOfCode2022", "AdventOfCode2022\AdventOfCode2022.csproj", "{7DBD3F80-5050-4424-B189-2D877C5EFEDC}"
EndProject
Project("{FAE04EC0-301F-11D3-BF4B-00C04F79EFBC}") = "AdventOfCodeTest", "AdventOfCodeTest\AdventOfCodeTest.csproj", "{B5E8CAE0-433C-4AF7-AEAA-A0C9DC74C70D}"
EndProject
Global
	GlobalSection(SolutionConfigurationPlatforms) = preSolution
		Debug|Any CPU = Debug|Any CPU
		Release|Any CPU = Release|Any CPU
	EndGlobalSection
	GlobalSection(ProjectConfigurationPlatforms) = postSolution
		{7DBD3F80-5050-4424-B189-2D877C5EFEDC}.Debug|Any CPU.ActiveCfg = Debug|Any CPU
		{7DBD3F80-5050-4424-B189-2D877C5EFEDC}.Debug|Any CPU.Build.0 = Debug|Any CPU
		{7DBD3F80-5050-4424-B189-2D877C5EFEDC}.Release|Any CPU.ActiveCfg = Release|Any CPU
		{7DBD3F80-5050-4424-B189-2D877C5EFEDC}.Release|Any CPU.Build.0 = Release|Any CPU
		{B5E8CAE0-433C-4AF7-AEAA-A0C9DC74C70D}.Debug|Any CPU.ActiveCfg = Debug|Any CPU
		{B5E8CAE0-433C-4AF7-AEAA-A0C9DC74C70D}.Debug|Any CPU.Build.0 = Debug|Any CPU
		{B5E8CAE0-433C-4AF7-AEAA-A0C9DC74C70D}.Release|Any CPU.ActiveCfg = Release|Any CPU
		{B5E8CAE0-433C-4AF7-AEAA-A0C9DC74C70D}.Release|Any CPU.Build.0 = Release|Any CPU
	EndGlobalSection
	GlobalSection(SolutionProperties) = preSolution
		HideSolutionNode = FALSE
	EndGlobalSection
	GlobalSection(ExtensibilityGlobals) = postSolution
		SolutionGuid = {354A2CB4-B1FD-4186-A2EF-9E7A8C0C5785}
	EndGlobalSection
EndGlobal
